
Microsoft Visual Studio Solution File, Format Version 12.00
# Visual Studio Version 16
VisualStudioVersion = 25.0.1705.3
MinimumVisualStudioVersion = 10.0.40219.1
Project("{FAE04EC0-301F-11D3-BF4B-00C04F79EFBC}") = "Composite", "Composite\Composite.csproj", "{6C912188-8C7D-4637-A607-8E5090CC6C41}"
EndProject
Global
	GlobalSection(SolutionConfigurationPlatforms) = preSolution
		Debug|Any CPU = Debug|Any CPU
		Release|Any CPU = Release|Any CPU
	EndGlobalSection
	GlobalSection(ProjectConfigurationPlatforms) = postSolution
		{6C912188-8C7D-4637-A607-8E5090CC6C41}.Debug|Any CPU.ActiveCfg = Debug|Any CPU
		{6C912188-8C7D-4637-A607-8E5090CC6C41}.Debug|Any CPU.Build.0 = Debug|Any CPU
		{6C912188-8C7D-4637-A607-8E5090CC6C41}.Release|Any CPU.ActiveCfg = Release|Any CPU
		{6C912188-8C7D-4637-A607-8E5090CC6C41}.Release|Any CPU.Build.0 = Release|Any CPU
	EndGlobalSection
	GlobalSection(SolutionProperties) = preSolution
		HideSolutionNode = FALSE
	EndGlobalSection
	GlobalSection(ExtensibilityGlobals) = postSolution
		SolutionGuid = {4E828A50-A62C-4DB5-BB5C-05A339F42346}
	EndGlobalSection
EndGlobal
